
Microsoft Visual Studio Solution File, Format Version 12.00
# Visual Studio Version 16
VisualStudioVersion = 16.0.30114.105
MinimumVisualStudioVersion = 10.0.40219.1
Project("{FAE04EC0-301F-11D3-BF4B-00C04F79EFBC}") = "PersistentDb", "PersistentDb\PersistentDb.csproj", "{1E0A9DF7-3485-4133-B7CD-8BD5400E10CD}"
EndProject
Project("{FAE04EC0-301F-11D3-BF4B-00C04F79EFBC}") = "PersistentDb.Tests", "PersistentDb.Tests\PersistentDb.Tests.csproj", "{4F94FA9F-0349-4F9C-8946-983C3434B538}"
EndProject
Global
	GlobalSection(SolutionConfigurationPlatforms) = preSolution
		Debug|Any CPU = Debug|Any CPU
		Release|Any CPU = Release|Any CPU
	EndGlobalSection
	GlobalSection(SolutionProperties) = preSolution
		HideSolutionNode = FALSE
	EndGlobalSection
	GlobalSection(ProjectConfigurationPlatforms) = postSolution
		{1E0A9DF7-3485-4133-B7CD-8BD5400E10CD}.Debug|Any CPU.ActiveCfg = Debug|Any CPU
		{1E0A9DF7-3485-4133-B7CD-8BD5400E10CD}.Debug|Any CPU.Build.0 = Debug|Any CPU
		{1E0A9DF7-3485-4133-B7CD-8BD5400E10CD}.Release|Any CPU.ActiveCfg = Release|Any CPU
		{1E0A9DF7-3485-4133-B7CD-8BD5400E10CD}.Release|Any CPU.Build.0 = Release|Any CPU
		{4F94FA9F-0349-4F9C-8946-983C3434B538}.Debug|Any CPU.ActiveCfg = Debug|Any CPU
		{4F94FA9F-0349-4F9C-8946-983C3434B538}.Debug|Any CPU.Build.0 = Debug|Any CPU
		{4F94FA9F-0349-4F9C-8946-983C3434B538}.Release|Any CPU.ActiveCfg = Release|Any CPU
		{4F94FA9F-0349-4F9C-8946-983C3434B538}.Release|Any CPU.Build.0 = Release|Any CPU
	EndGlobalSection
EndGlobal
